PODS:
  - WebViewJavascriptBridge_WebKit (7.0.0)

DEPENDENCIES:
  - WebViewJavascriptBridge_WebKit (from `../..`)

EXTERNAL SOURCES:
  WebViewJavascriptBridge_WebKit:
    :path: "../.."

SPEC CHECKSUMS:
  WebViewJavascriptBridge_WebKit: 8deb5d47f9b0ae8467725fe6b95d1e95542a1d5a

PODFILE CHECKSUM: a9c74709934428329349bb4babf997dda6652498

COCOAPODS: 1.8.4
